
Microsoft Visual Studio Solution File, Format Version 12.00
# Visual Studio Version 17
VisualStudioVersion = 17.2.32630.192
MinimumVisualStudioVersion = 10.0.40219.1
Project("{FAE04EC0-301F-11D3-BF4B-00C04F79EFBC}") = "XEFBaga.Android", "XEFBaga\XEFBaga.Android\XEFBaga.Android.csproj", "{2499699D-02D9-45A2-A974-EE320CD81120}"
EndProject
Project("{FAE04EC0-301F-11D3-BF4B-00C04F79EFBC}") = "XEFBaga", "XEFBaga\XEFBaga\XEFBaga.csproj", "{4712CE47-32B3-4F5B-B261-92142CBD6E2B}"
EndProject
Project("{FAE04EC0-301F-11D3-BF4B-00C04F79EFBC}") = "DataMigrations", "DataMigrations\DataMigrations.csproj", "{BA36FD6B-1C27-4598-BDA3-416B1ED21647}"
EndProject
Global
	GlobalSection(SolutionConfigurationPlatforms) = preSolution
		Debug|Any CPU = Debug|Any CPU
		Release|Any CPU = Release|Any CPU
	EndGlobalSection
	GlobalSection(ProjectConfigurationPlatforms) = postSolution
		{2499699D-02D9-45A2-A974-EE320CD81120}.Debug|Any CPU.ActiveCfg = Debug|Any CPU
		{2499699D-02D9-45A2-A974-EE320CD81120}.Debug|Any CPU.Build.0 = Debug|Any CPU
		{2499699D-02D9-45A2-A974-EE320CD81120}.Debug|Any CPU.Deploy.0 = Debug|Any CPU
		{2499699D-02D9-45A2-A974-EE320CD81120}.Release|Any CPU.ActiveCfg = Release|Any CPU
		{2499699D-02D9-45A2-A974-EE320CD81120}.Release|Any CPU.Build.0 = Release|Any CPU
		{2499699D-02D9-45A2-A974-EE320CD81120}.Release|Any CPU.Deploy.0 = Release|Any CPU
		{4712CE47-32B3-4F5B-B261-92142CBD6E2B}.Debug|Any CPU.ActiveCfg = Debug|Any CPU
		{4712CE47-32B3-4F5B-B261-92142CBD6E2B}.Debug|Any CPU.Build.0 = Debug|Any CPU
		{4712CE47-32B3-4F5B-B261-92142CBD6E2B}.Debug|Any CPU.Deploy.0 = Debug|Any CPU
		{4712CE47-32B3-4F5B-B261-92142CBD6E2B}.Release|Any CPU.ActiveCfg = Release|Any CPU
		{4712CE47-32B3-4F5B-B261-92142CBD6E2B}.Release|Any CPU.Build.0 = Release|Any CPU
		{4712CE47-32B3-4F5B-B261-92142CBD6E2B}.Release|Any CPU.Deploy.0 = Release|Any CPU
		{BA36FD6B-1C27-4598-BDA3-416B1ED21647}.Debug|Any CPU.ActiveCfg = Debug|Any CPU
		{BA36FD6B-1C27-4598-BDA3-416B1ED21647}.Debug|Any CPU.Build.0 = Debug|Any CPU
		{BA36FD6B-1C27-4598-BDA3-416B1ED21647}.Release|Any CPU.ActiveCfg = Release|Any CPU
		{BA36FD6B-1C27-4598-BDA3-416B1ED21647}.Release|Any CPU.Build.0 = Release|Any CPU
	EndGlobalSection
	GlobalSection(SolutionProperties) = preSolution
		HideSolutionNode = FALSE
	EndGlobalSection
	GlobalSection(ExtensibilityGlobals) = postSolution
		SolutionGuid = {78073B39-0C45-4D7D-9729-9F8821D0DC89}
	EndGlobalSection
EndGlobal
